
Microsoft Visual Studio Solution File, Format Version 12.00
# Visual Studio Version 16
VisualStudioVersion = 16.0.30002.166
MinimumVisualStudioVersion = 10.0.40219.1
Project("{FAE04EC0-301F-11D3-BF4B-00C04F79EFBC}") = "RainmeterCountdown", "RainmeterCountdown\RainmeterCountdown.csproj", "{38FC7205-0555-45CC-BDAD-53F919D4EB74}"
EndProject
Global
	GlobalSection(SolutionConfigurationPlatforms) = preSolution
		Debug|Any CPU = Debug|Any CPU
		Release|Any CPU = Release|Any CPU
	EndGlobalSection
	GlobalSection(ProjectConfigurationPlatforms) = postSolution
		{38FC7205-0555-45CC-BDAD-53F919D4EB74}.Debug|Any CPU.ActiveCfg = Debug|Any CPU
		{38FC7205-0555-45CC-BDAD-53F919D4EB74}.Debug|Any CPU.Build.0 = Debug|Any CPU
		{38FC7205-0555-45CC-BDAD-53F919D4EB74}.Release|Any CPU.ActiveCfg = Release|Any CPU
		{38FC7205-0555-45CC-BDAD-53F919D4EB74}.Release|Any CPU.Build.0 = Release|Any CPU
	EndGlobalSection
	GlobalSection(SolutionProperties) = preSolution
		HideSolutionNode = FALSE
	EndGlobalSection
	GlobalSection(ExtensibilityGlobals) = postSolution
		SolutionGuid = {270ECFFE-8E46-4B7B-821A-03C529BD8AD5}
	EndGlobalSection
EndGlobal
